
Microsoft Visual Studio Solution File, Format Version 12.00
# Visual Studio Version 17
VisualStudioVersion = 17.3.32922.545
MinimumVisualStudioVersion = 10.0.40219.1
Project("{FAE04EC0-301F-11D3-BF4B-00C04F79EFBC}") = "Snake", "Snake.csproj", "{3817BD27-A833-47BD-A479-CD7F7EEBEEED}"
EndProject
Global
	GlobalSection(SolutionConfigurationPlatforms) = preSolution
		Debug|Any CPU = Debug|Any CPU
		Release|Any CPU = Release|Any CPU
	EndGlobalSection
	GlobalSection(ProjectConfigurationPlatforms) = postSolution
		{3817BD27-A833-47BD-A479-CD7F7EEBEEED}.Debug|Any CPU.ActiveCfg = Debug|Any CPU
		{3817BD27-A833-47BD-A479-CD7F7EEBEEED}.Debug|Any CPU.Build.0 = Debug|Any CPU
		{3817BD27-A833-47BD-A479-CD7F7EEBEEED}.Release|Any CPU.ActiveCfg = Release|Any CPU
		{3817BD27-A833-47BD-A479-CD7F7EEBEEED}.Release|Any CPU.Build.0 = Release|Any CPU
	EndGlobalSection
	GlobalSection(SolutionProperties) = preSolution
		HideSolutionNode = FALSE
	EndGlobalSection
	GlobalSection(ExtensibilityGlobals) = postSolution
		SolutionGuid = {ACEC3836-0168-404E-947B-1AB14D6FB887}
	EndGlobalSection
EndGlobal
